// !$*UTF8*$!
{
	archiveVersion = 1;
	classes = {
	};
	objectVersion = 46;
	objects = {

/* Begin PBXBuildFile section */
		5AA3EDB91A84018B001E607D /* main.m in Sources */ = {isa = PBXBuildFile; fileRef = 5AA3EDB81A84018B001E607D /* main.m */; };
		5AA3EDBC1A84018B001E607D /* AppDelegate.m in Sources */ = {isa = PBXBuildFile; fileRef = 5AA3EDBB1A84018B001E607D /* AppDelegate.m */; };
		5AA3EDBF1A84018B001E607D /* ViewController.m in Sources */ = {isa = PBXBuildFile; fileRef = 5AA3EDBE1A84018B001E607D /* ViewController.m */; };
		5AA3EDC21A84018B001E607D /* Main.storyboard in Resources */ = {isa = PBXBuildFile; fileRef = 5AA3EDC01A84018B001E607D /* Main.storyboard */; };
		5AA3EDC41A84018B001E607D /* Images.xcassets in Resources */ = {isa = PBXBuildFile; fileRef = 5AA3EDC31A84018B001E607D /* Images.xcassets */; };
		5AA3EDC71A84018B001E607D /* LaunchScreen.xib in Resources */ = {isa = PBXBuildFile; fileRef = 5AA3EDC51A84018B001E607D /* LaunchScreen.xib */; };
		5AA3EDD31A84018B001E607D /* MochilaLoaderTests.m in Sources */ = {isa = PBXBuildFile; fileRef = 5AA3EDD21A84018B001E607D /* MochilaLoaderTests.m */; };
		5AA3EDED1A8403C8001E607D /* AZActivityIndicator.m in Sources */ = {isa = PBXBuildFile; fileRef = 5AA3EDEA1A8403C8001E607D /* AZActivityIndicator.m */; };
		5AA3EDEE1A8403C8001E607D /* AZClockView.m in Sources */ = {isa = PBXBuildFile; fileRef = 5AA3EDEC1A8403C8001E607D /* AZClockView.m */; };
/* End PBXBuildFile section */

/* Begin PBXContainerItemProxy section */
		5AA3EDCD1A84018B001E607D /* PBXContainerItemProxy */ = {
			isa = PBXContainerItemProxy;
			containerPortal = 5AA3EDAB1A84018B001E607D /* Project object */;
			proxyType = 1;
			remoteGlobalIDString = 5AA3EDB21A84018B001E607D;
			remoteInfo = MochilaLoader;
		};
/* End PBXContainerItemProxy section */

/* Begin PBXFileReference section */
		5AA3EDB31A84018B001E607D /* MochilaLoader.app */ = {isa = PBXFileReference; explicitFileType = wrapper.application; includeInIndex = 0; path = MochilaLoader.app; sourceTree = BUILT_PRODUCTS_DIR; };
		5AA3EDB71A84018B001E607D /* Info.plist */ = {isa = PBXFileReference; lastKnownFileType = text.plist.xml; path = Info.plist; sourceTree = "<group>"; };
		5AA3EDB81A84018B001E607D /* main.m */ = {isa = PBXFileReference; lastKnownFileType = sourcecode.c.objc; path = main.m; sourceTree = "<group>"; };
		5AA3EDBA1A84018B001E607D /* AppDelegate.h */ = {isa = PBXFileReference; lastKnownFileType = sourcecode.c.h; path = AppDelegate.h; sourceTree = "<group>"; };
		5AA3EDBB1A84018B001E607D /* AppDelegate.m */ = {isa = PBXFileReference; lastKnownFileType = sourcecode.c.objc; path = AppDelegate.m; sourceTree = "<group>"; };
		5AA3EDBD1A84018B001E607D /* ViewController.h */ = {isa = PBXFileReference; lastKnownFileType = sourcecode.c.h; path = ViewController.h; sourceTree = "<group>"; };
		5AA3EDBE1A84018B001E607D /* ViewController.m */ = {isa = PBXFileReference; lastKnownFileType = sourcecode.c.objc; path = ViewController.m; sourceTree = "<group>"; };
		5AA3EDC11A84018B001E607D /* Base */ = {isa = PBXFileReference; lastKnownFileType = file.storyboard; name = Base; path = Base.lproj/Main.storyboard; sourceTree = "<group>"; };
		5AA3EDC31A84018B001E607D /* Images.xcassets */ = {isa = PBXFileReference; lastKnownFileType = folder.assetcatalog; path = Images.xcassets; sourceTree = "<group>"; };
		5AA3EDC61A84018B001E607D /* Base */ = {isa = PBXFileReference; lastKnownFileType = file.xib; name = Base; path = Base.lproj/LaunchScreen.xib; sourceTree = "<group>"; };
		5AA3EDCC1A84018B001E607D /* MochilaLoaderTests.xctest */ = {isa = PBXFileReference; explicitFileType = wrapper.cfbundle; includeInIndex = 0; path = MochilaLoaderTests.xctest; sourceTree = BUILT_PRODUCTS_DIR; };
		5AA3EDD11A84018B001E607D /* Info.plist */ = {isa = PBXFileReference; lastKnownFileType = text.plist.xml; path = Info.plist; sourceTree = "<group>"; };
		5AA3EDD21A84018B001E607D /* MochilaLoaderTests.m */ = {isa = PBXFileReference; lastKnownFileType = sourcecode.c.objc; path = MochilaLoaderTests.m; sourceTree = "<group>"; };
		5AA3EDE91A8403C8001E607D /* AZActivityIndicator.h */ = {isa = PBXFileReference; fileEncoding = 4; lastKnownFileType = sourcecode.c.h; name = AZActivityIndicator.h; path = Classes/AZActivityIndicator.h; sourceTree = "<group>"; };
		5AA3EDEA1A8403C8001E607D /* AZActivityIndicator.m */ = {isa = PBXFileReference; fileEncoding = 4; lastKnownFileType = sourcecode.c.objc; name = AZActivityIndicator.m; path = Classes/AZActivityIndicator.m; sourceTree = "<group>"; };
		5AA3EDEB1A8403C8001E607D /* AZClockView.h */ = {isa = PBXFileReference; fileEncoding = 4; lastKnownFileType = sourcecode.c.h; name = AZClockView.h; path = Classes/AZClockView.h; sourceTree = "<group>"; };
		5AA3EDEC1A8403C8001E607D /* AZClockView.m */ = {isa = PBXFileReference; fileEncoding = 4; lastKnownFileType = sourcecode.c.objc; name = AZClockView.m; path = Classes/AZClockView.m; sourceTree = "<group>"; };
/* End PBXFileReference section */

/* Begin PBXFrameworksBuildPhase section */
		5AA3EDB01A84018B001E607D /* Frameworks */ = {
			isa = PBXFrameworksBuildPhase;
			buildActionMask = 2147483647;
			files = (
			);
			runOnlyForDeploymentPostprocessing = 0;
		};
		5AA3EDC91A84018B001E607D /* Frameworks */ = {
			isa = PBXFrameworksBuildPhase;
			buildActionMask = 2147483647;
			files = (
			);
			runOnlyForDeploymentPostprocessing = 0;
		};
/* End PBXFrameworksBuildPhase section */

/* Begin PBXGroup section */
		5AA3EDAA1A84018B001E607D = {
			isa = PBXGroup;
			children = (
				5AA3EDB51A84018B001E607D /* MochilaLoader */,
				5AA3EDCF1A84018B001E607D /* MochilaLoaderTests */,
				5AA3EDB41A84018B001E607D /* Products */,
			);
			sourceTree = "<group>";
		};
		5AA3EDB41A84018B001E607D /* Products */ = {
			isa = PBXGroup;
			children = (
				5AA3EDB31A84018B001E607D /* MochilaLoader.app */,
				5AA3EDCC1A84018B001E607D /* MochilaLoaderTests.xctest */,
			);
			name = Products;
			sourceTree = "<group>";
		};
		5AA3EDB51A84018B001E607D /* MochilaLoader */ = {
			isa = PBXGroup;
			children = (
				5AA3EDE21A84038B001E607D /* Classes */,
				5AA3EDBA1A84018B001E607D /* AppDelegate.h */,
				5AA3EDBB1A84018B001E607D /* AppDelegate.m */,
				5AA3EDBD1A84018B001E607D /* ViewController.h */,
				5AA3EDBE1A84018B001E607D /* ViewController.m */,
				5AA3EDC01A84018B001E607D /* Main.storyboard */,
				5AA3EDC31A84018B001E607D /* Images.xcassets */,
				5AA3EDC51A84018B001E607D /* LaunchScreen.xib */,
				5AA3EDB61A84018B001E607D /* Supporting Files */,
			);
			path = MochilaLoader;
			sourceTree = "<group>";
		};
		5AA3EDB61A84018B001E607D /* Supporting Files */ = {
			isa = PBXGroup;
			children = (
				5AA3EDB71A84018B001E607D /* Info.plist */,
				5AA3EDB81A84018B001E607D /* main.m */,
			);
			name = "Supporting Files";
			sourceTree = "<group>";
		};
		5AA3EDCF1A84018B001E607D /* MochilaLoaderTests */ = {
			isa = PBXGroup;
			children = (
				5AA3EDD21A84018B001E607D /* MochilaLoaderTests.m */,
				5AA3EDD01A84018B001E607D /* Supporting Files */,
			);
			path = MochilaLoaderTests;
			sourceTree = "<group>";
		};
		5AA3EDD01A84018B001E607D /* Supporting Files */ = {
			isa = PBXGroup;
			children = (
				5AA3EDD11A84018B001E607D /* Info.plist */,
			);
			name = "Supporting Files";
			sourceTree = "<group>";
		};
		5AA3EDE21A84038B001E607D /* Classes */ = {
			isa = PBXGroup;
			children = (
				5AA3EDE91A8403C8001E607D /* AZActivityIndicator.h */,
				5AA3EDEA1A8403C8001E607D /* AZActivityIndicator.m */,
				5AA3EDEB1A8403C8001E607D /* AZClockView.h */,
				5AA3EDEC1A8403C8001E607D /* AZClockView.m */,
			);
			name = Classes;
			sourceTree = "<group>";
		};
/* End PBXGroup section */

/* Begin PBXNativeTarget section */
		5AA3EDB21A84018B001E607D /* MochilaLoader */ = {
			isa = PBXNativeTarget;
			buildConfigurationList = 5AA3EDD61A84018B001E607D /* Build configuration list for PBXNativeTarget "MochilaLoader" */;
			buildPhases = (
				5AA3EDAF1A84018B001E607D /* Sources */,
				5AA3EDB01A84018B001E607D /* Frameworks */,
				5AA3EDB11A84018B001E607D /* Resources */,
			);
			buildRules = (
			);
			dependencies = (
			);
			name = MochilaLoader;
			productName = MochilaLoader;
			productReference = 5AA3EDB31A84018B001E607D /* MochilaLoader.app */;
			productType = "com.apple.product-type.application";
		};
		5AA3EDCB1A84018B001E607D /* MochilaLoaderTests */ = {
			isa = PBXNativeTarget;
			buildConfigurationList = 5AA3EDD91A84018B001E607D /* Build configuration list for PBXNativeTarget "MochilaLoaderTests" */;
			buildPhases = (
				5AA3EDC81A84018B001E607D /* Sources */,
				5AA3EDC91A84018B001E607D /* Frameworks */,
				5AA3EDCA1A84018B001E607D /* Resources */,
			);
			buildRules = (
			);
			dependencies = (
				5AA3EDCE1A84018B001E607D /* PBXTargetDependency */,
			);
			name = MochilaLoaderTests;
			productName = MochilaLoaderTests;
			productReference = 5AA3EDCC1A84018B001E607D /* MochilaLoaderTests.xctest */;
			productType = "com.apple.product-type.bundle.unit-test";
		};
/* End PBXNativeTarget section */

/* Begin PBXProject section */
		5AA3EDAB1A84018B001E607D /* Project object */ = {
			isa = PBXProject;
			attributes = {
				LastUpgradeCheck = 0610;
				ORGANIZATIONNAME = AndrewZimmer;
				TargetAttributes = {
					5AA3EDB21A84018B001E607D = {
						CreatedOnToolsVersion = 6.1;
					};
					5AA3EDCB1A84018B001E607D = {
						CreatedOnToolsVersion = 6.1;
						TestTargetID = 5AA3EDB21A84018B001E607D;
					};
				};
			};
			buildConfigurationList = 5AA3EDAE1A84018B001E607D /* Build configuration list for PBXProject "MochilaLoader" */;
			compatibilityVersion = "Xcode 3.2";
			developmentRegion = English;
			hasScannedForEncodings = 0;
			knownRegions = (
				en,
				Base,
			);
			mainGroup = 5AA3EDAA1A84018B001E607D;
			productRefGroup = 5AA3EDB41A84018B001E607D /* Products */;
			projectDirPath = "";
			projectRoot = "";
			targets = (
				5AA3EDB21A84018B001E607D /* MochilaLoader */,
				5AA3EDCB1A84018B001E607D /* MochilaLoaderTests */,
			);
		};
/* End PBXProject section */

/* Begin PBXResourcesBuildPhase section */
		5AA3EDB11A84018B001E607D /* Resources */ = {
			isa = PBXResourcesBuildPhase;
			buildActionMask = 2147483647;
			files = (
				5AA3EDC21A84018B001E607D /* Main.storyboard in Resources */,
				5AA3EDC71A84018B001E607D /* LaunchScreen.xib in Resources */,
				5AA3EDC41A84018B001E607D /* Images.xcassets in Resources */,
			);
			runOnlyForDeploymentPostprocessing = 0;
		};
		5AA3EDCA1A84018B001E607D /* Resources */ = {
			isa = PBXResourcesBuildPhase;
			buildActionMask = 2147483647;
			files = (
			);
			runOnlyForDeploymentPostprocessing = 0;
		};
/* End PBXResourcesBuildPhase section */

/* Begin PBXSourcesBuildPhase section */
		5AA3EDAF1A84018B001E607D /* Sources */ = {
			isa = PBXSourcesBuildPhase;
			buildActionMask = 2147483647;
			files = (
				5AA3EDBF1A84018B001E607D /* ViewController.m in Sources */,
				5AA3EDED1A8403C8001E607D /* AZActivityIndicator.m in Sources */,
				5AA3EDEE1A8403C8001E607D /* AZClockView.m in Sources */,
				5AA3EDBC1A84018B001E607D /* AppDelegate.m in Sources */,
				5AA3EDB91A84018B001E607D /* main.m in Sources */,
			);
			runOnlyForDeploymentPostprocessing = 0;
		};
		5AA3EDC81A84018B001E607D /* Sources */ = {
			isa = PBXSourcesBuildPhase;
			buildActionMask = 2147483647;
			files = (
				5AA3EDD31A84018B001E607D /* MochilaLoaderTests.m in Sources */,
			);
			runOnlyForDeploymentPostprocessing = 0;
		};
/* End PBXSourcesBuildPhase section */

/* Begin PBXTargetDependency section */
		5AA3EDCE1A84018B001E607D /* PBXTargetDependency */ = {
			isa = PBXTargetDependency;
			target = 5AA3EDB21A84018B001E607D /* MochilaLoader */;
			targetProxy = 5AA3EDCD1A84018B001E607D /* PBXContainerItemProxy */;
		};
/* End PBXTargetDependency section */

/* Begin PBXVariantGroup section */
		5AA3EDC01A84018B001E607D /* Main.storyboard */ = {
			isa = PBXVariantGroup;
			children = (
				5AA3EDC11A84018B001E607D /* Base */,
			);
			name = Main.storyboard;
			sourceTree = "<group>";
		};
		5AA3EDC51A84018B001E607D /* LaunchScreen.xib */ = {
			isa = PBXVariantGroup;
			children = (
				5AA3EDC61A84018B001E607D /* Base */,
			);
			name = LaunchScreen.xib;
			sourceTree = "<group>";
		};
/* End PBXVariantGroup section */

/* Begin XCBuildConfiguration section */
		5AA3EDD41A84018B001E607D /* Debug */ = {
			isa = XCBuildConfiguration;
			buildSettings = {
				ALWAYS_SEARCH_USER_PATHS = NO;
				CLANG_CXX_LANGUAGE_STANDARD = "gnu++0x";
				CLANG_CXX_LIBRARY = "libc++";
				CLANG_ENABLE_MODULES = YES;
				CLANG_ENABLE_OBJC_ARC = YES;
				CLANG_WARN_BOOL_CONVERSION = YES;
				CLANG_WARN_CONSTANT_CONVERSION = YES;
				CLANG_WARN_DIRECT_OBJC_ISA_USAGE = YES_ERROR;
				CLANG_WARN_EMPTY_BODY = YES;
				CLANG_WARN_ENUM_CONVERSION = YES;
				CLANG_WARN_INT_CONVERSION = YES;
				CLANG_WARN_OBJC_ROOT_CLASS = YES_ERROR;
				CLANG_WARN_UNREACHABLE_CODE = YES;
				CLANG_WARN__DUPLICATE_METHOD_MATCH = YES;
				"CODE_SIGN_IDENTITY[sdk=iphoneos*]" = "iPhone Developer";
				COPY_PHASE_STRIP = NO;
				ENABLE_STRICT_OBJC_MSGSEND = YES;
				GCC_C_LANGUAGE_STANDARD = gnu99;
				GCC_DYNAMIC_NO_PIC = NO;
				GCC_OPTIMIZATION_LEVEL = 0;
				GCC_PREPROCESSOR_DEFINITIONS = (
					"DEBUG=1",
					"$(inherited)",
				);
				GCC_SYMBOLS_PRIVATE_EXTERN = NO;
				GCC_WARN_64_TO_32_BIT_CONVERSION = YES;
				GCC_WARN_ABOUT_RETURN_TYPE = YES_ERROR;
				GCC_WARN_UNDECLARED_SELECTOR = YES;
				GCC_WARN_UNINITIALIZED_AUTOS = YES_AGGRESSIVE;
				GCC_WARN_UNUSED_FUNCTION = YES;
				GCC_WARN_UNUSED_VARIABLE = YES;
				IPHONEOS_DEPLOYMENT_TARGET = 8.1;
				MTL_ENABLE_DEBUG_INFO = YES;
				ONLY_ACTIVE_ARCH = YES;
				SDKROOT = iphoneos;
				TARGETED_DEVICE_FAMILY = "1,2";
			};
			name = Debug;
		};
		5AA3EDD51A84018B001E607D /* Release */ = {
			isa = XCBuildConfiguration;
			buildSettings = {
				ALWAYS_SEARCH_USER_PATHS = NO;
				CLANG_CXX_LANGUAGE_STANDARD = "gnu++0x";
				CLANG_CXX_LIBRARY = "libc++";
				CLANG_ENABLE_MODULES = YES;
				CLANG_ENABLE_OBJC_ARC = YES;
				CLANG_WARN_BOOL_CONVERSION = YES;
				CLANG_WARN_CONSTANT_CONVERSION = YES;
				CLANG_WARN_DIRECT_OBJC_ISA_USAGE = YES_ERROR;
				CLANG_WARN_EMPTY_BODY = YES;
				CLANG_WARN_ENUM_CONVERSION = YES;
				CLANG_WARN_INT_CONVERSION = YES;
				CLANG_WARN_OBJC_ROOT_CLASS = YES_ERROR;
				CLANG_WARN_UNREACHABLE_CODE = YES;
				CLANG_WARN__DUPLICATE_METHOD_MATCH = YES;
				"CODE_SIGN_IDENTITY[sdk=iphoneos*]" = "iPhone Developer";
				COPY_PHASE_STRIP = YES;
				ENABLE_NS_ASSERTIONS = NO;
				ENABLE_STRICT_OBJC_MSGSEND = YES;
				GCC_C_LANGUAGE_STANDARD = gnu99;
				GCC_WARN_64_TO_32_BIT_CONVERSION = YES;
				GCC_WARN_ABOUT_RETURN_TYPE = YES_ERROR;
				GCC_WARN_UNDECLARED_SELECTOR = YES;
				GCC_WARN_UNINITIALIZED_AUTOS = YES_AGGRESSIVE;
				GCC_WARN_UNUSED_FUNCTION = YES;
				GCC_WARN_UNUSED_VARIABLE = YES;
				IPHONEOS_DEPLOYMENT_TARGET = 8.1;
				MTL_ENABLE_DEBUG_INFO = NO;
				SDKROOT = iphoneos;
				TARGETED_DEVICE_FAMILY = "1,2";
				VALIDATE_PRODUCT = YES;
			};
			name = Release;
		};
		5AA3EDD71A84018B001E607D /* Debug */ = {
			isa = XCBuildConfiguration;
			buildSettings = {
				ASSETCATALOG_COMPILER_APPICON_NAME = AppIcon;
				INFOPLIST_FILE = MochilaLoader/Info.plist;
				LD_RUNPATH_SEARCH_PATHS = "$(inherited) @executable_path/Frameworks";
				PRODUCT_NAME = "$(TARGET_NAME)";
			};
			name = Debug;
		};
		5AA3EDD81A84018B001E607D /* Release */ = {
			isa = XCBuildConfiguration;
			buildSettings = {
				ASSETCATALOG_COMPILER_APPICON_NAME = AppIcon;
				INFOPLIST_FILE = MochilaLoader/Info.plist;
				LD_RUNPATH_SEARCH_PATHS = "$(inherited) @executable_path/Frameworks";
				PRODUCT_NAME = "$(TARGET_NAME)";
			};
			name = Release;
		};
		5AA3EDDA1A84018B001E607D /* Debug */ = {
			isa = XCBuildConfiguration;
			buildSettings = {
				BUNDLE_LOADER = "$(TEST_HOST)";
				FRAMEWORK_SEARCH_PATHS = (
					"$(SDKROOT)/Developer/Library/Frameworks",
					"$(inherited)",
				);
				GCC_PREPROCESSOR_DEFINITIONS = (
					"DEBUG=1",
					"$(inherited)",
				);
				INFOPLIST_FILE = MochilaLoaderTests/Info.plist;
				LD_RUNPATH_SEARCH_PATHS = "$(inherited) @executable_path/Frameworks @loader_path/Frameworks";
				PRODUCT_NAME = "$(TARGET_NAME)";
				TEST_HOST = "$(BUILT_PRODUCTS_DIR)/MochilaLoader.app/MochilaLoader";
			};
			name = Debug;
		};
		5AA3EDDB1A84018B001E607D /* Release */ = {
			isa = XCBuildConfiguration;
			buildSettings = {
				BUNDLE_LOADER = "$(TEST_HOST)";
				FRAMEWORK_SEARCH_PATHS = (
					"$(SDKROOT)/Developer/Library/Frameworks",
					"$(inherited)",
				);
				INFOPLIST_FILE = MochilaLoaderTests/Info.plist;
				LD_RUNPATH_SEARCH_PATHS = "$(inherited) @executable_path/Frameworks @loader_path/Frameworks";
				PRODUCT_NAME = "$(TARGET_NAME)";
				TEST_HOST = "$(BUILT_PRODUCTS_DIR)/MochilaLoader.app/MochilaLoader";
			};
			name = Release;
		};
/* End XCBuildConfiguration section */

/* Begin XCConfigurationList section */
		5AA3EDAE1A84018B001E607D /* Build configuration list for PBXProject "MochilaLoader" */ = {
			isa = XCConfigurationList;
			buildConfigurations = (
				5AA3EDD41A84018B001E607D /* Debug */,
				5AA3EDD51A84018B001E607D /* Release */,
			);
			defaultConfigurationIsVisible = 0;
			defaultConfigurationName = Release;
		};
		5AA3EDD61A84018B001E607D /* Build configuration list for PBXNativeTarget "MochilaLoader" */ = {
			isa = XCConfigurationList;
			buildConfigurations = (
				5AA3EDD71A84018B001E607D /* Debug */,
				5AA3EDD81A84018B001E607D /* Release */,
			);
			defaultConfigurationIsVisible = 0;
		};
		5AA3EDD91A84018B001E607D /* Build configuration list for PBXNativeTarget "MochilaLoaderTests" */ = {
			isa = XCConfigurationList;
			buildConfigurations = (
				5AA3EDDA1A84018B001E607D /* Debug */,
				5AA3EDDB1A84018B001E607D /* Release */,
			);
			defaultConfigurationIsVisible = 0;
		};
/* End XCConfigurationList section */
	};
	rootObject = 5AA3EDAB1A84018B001E607D /* Project object */;
}
